
Microsoft Visual Studio Solution File, Format Version 12.00
# Visual Studio Version 16
VisualStudioVersion = 16.0.31105.61
MinimumVisualStudioVersion = 10.0.40219.1
Project("{FAE04EC0-301F-11D3-BF4B-00C04F79EFBC}") = "Homework3", "Homework3\Homework3.csproj", "{414AA363-476C-40D7-9F4C-764F77C791E4}"
EndProject
Global
	GlobalSection(SolutionConfigurationPlatforms) = preSolution
		Debug|Any CPU = Debug|Any CPU
		Release|Any CPU = Release|Any CPU
	EndGlobalSection
	GlobalSection(ProjectConfigurationPlatforms) = postSolution
		{414AA363-476C-40D7-9F4C-764F77C791E4}.Debug|Any CPU.ActiveCfg = Debug|Any CPU
		{414AA363-476C-40D7-9F4C-764F77C791E4}.Debug|Any CPU.Build.0 = Debug|Any CPU
		{414AA363-476C-40D7-9F4C-764F77C791E4}.Release|Any CPU.ActiveCfg = Release|Any CPU
		{414AA363-476C-40D7-9F4C-764F77C791E4}.Release|Any CPU.Build.0 = Release|Any CPU
	EndGlobalSection
	GlobalSection(SolutionProperties) = preSolution
		HideSolutionNode = FALSE
	EndGlobalSection
	GlobalSection(ExtensibilityGlobals) = postSolution
		SolutionGuid = {3CF6381B-B290-49BE-B915-90F03555A6C3}
	EndGlobalSection
EndGlobal
